
Microsoft Visual Studio Solution File, Format Version 12.00
# Visual Studio Version 16
VisualStudioVersion = 16.0.30523.141
MinimumVisualStudioVersion = 10.0.40219.1
Project("{FAE04EC0-301F-11D3-BF4B-00C04F79EFBC}") = "LP_supermercado", "LP_supermercado\LP_supermercado.csproj", "{626FE7C6-B550-47A0-984E-051A4E4937D2}"
EndProject
Global
	GlobalSection(SolutionConfigurationPlatforms) = preSolution
		Debug|Any CPU = Debug|Any CPU
		Release|Any CPU = Release|Any CPU
	EndGlobalSection
	GlobalSection(ProjectConfigurationPlatforms) = postSolution
		{626FE7C6-B550-47A0-984E-051A4E4937D2}.Debug|Any CPU.ActiveCfg = Debug|Any CPU
		{626FE7C6-B550-47A0-984E-051A4E4937D2}.Debug|Any CPU.Build.0 = Debug|Any CPU
		{626FE7C6-B550-47A0-984E-051A4E4937D2}.Release|Any CPU.ActiveCfg = Release|Any CPU
		{626FE7C6-B550-47A0-984E-051A4E4937D2}.Release|Any CPU.Build.0 = Release|Any CPU
	EndGlobalSection
	GlobalSection(SolutionProperties) = preSolution
		HideSolutionNode = FALSE
	EndGlobalSection
	GlobalSection(ExtensibilityGlobals) = postSolution
		SolutionGuid = {BFDC237B-D7C2-4154-85A8-1381F8BA1F28}
	EndGlobalSection
EndGlobal
